
Microsoft Visual Studio Solution File, Format Version 12.00
# Visual Studio 2013
VisualStudioVersion = 12.0.31101.0
MinimumVisualStudioVersion = 10.0.40219.1
Project("{FAE04EC0-301F-11D3-BF4B-00C04F79EFBC}") = "VdfFactoring", "VdfFactoring\VdfFactoring.csproj", "{A586D657-ADB2-465F-A860-F93F5606C8A3}"
EndProject
Project("{FAE04EC0-301F-11D3-BF4B-00C04F79EFBC}") = "Common", "Common\Common.csproj", "{3E9341EC-6904-4CC9-A5FC-37890B4D23E6}"
EndProject
Global
	GlobalSection(SolutionConfigurationPlatforms) = preSolution
		Debug|Any CPU = Debug|Any CPU
		Release|Any CPU = Release|Any CPU
	EndGlobalSection
	GlobalSection(ProjectConfigurationPlatforms) = postSolution
		{A586D657-ADB2-465F-A860-F93F5606C8A3}.Debug|Any CPU.ActiveCfg = Debug|Any CPU
		{A586D657-ADB2-465F-A860-F93F5606C8A3}.Debug|Any CPU.Build.0 = Debug|Any CPU
		{A586D657-ADB2-465F-A860-F93F5606C8A3}.Release|Any CPU.ActiveCfg = Release|Any CPU
		{A586D657-ADB2-465F-A860-F93F5606C8A3}.Release|Any CPU.Build.0 = Release|Any CPU
		{3E9341EC-6904-4CC9-A5FC-37890B4D23E6}.Debug|Any CPU.ActiveCfg = Debug|Any CPU
		{3E9341EC-6904-4CC9-A5FC-37890B4D23E6}.Debug|Any CPU.Build.0 = Debug|Any CPU
		{3E9341EC-6904-4CC9-A5FC-37890B4D23E6}.Release|Any CPU.ActiveCfg = Release|Any CPU
		{3E9341EC-6904-4CC9-A5FC-37890B4D23E6}.Release|Any CPU.Build.0 = Release|Any CPU
	EndGlobalSection
	GlobalSection(SolutionProperties) = preSolution
		HideSolutionNode = FALSE
	EndGlobalSection
EndGlobal
